
Microsoft Visual Studio Solution File, Format Version 12.00
# Visual Studio 15
VisualStudioVersion = 15.0.28307.106
MinimumVisualStudioVersion = 10.0.40219.1
Project("{FAE04EC0-301F-11D3-BF4B-00C04F79EFBC}") = "ProxyPattern", "ProxyPattern\ProxyPattern.csproj", "{A17A4D86-C310-413A-B002-06E4C1AF42EF}"
EndProject
Project("{FAE04EC0-301F-11D3-BF4B-00C04F79EFBC}") = "ObserverPattern", "ObserverPattern\ObserverPattern.csproj", "{2FE48E3E-A149-4046-8E78-0AC791B5BA1A}"
EndProject
Project("{FAE04EC0-301F-11D3-BF4B-00C04F79EFBC}") = "SimpleFactoryPattern", "SimpleFactoryPattern\SimpleFactoryPattern.csproj", "{5FD4B0E9-073F-4973-82B1-0AB20ECD9128}"
EndProject
Project("{FAE04EC0-301F-11D3-BF4B-00C04F79EFBC}") = "FacadePattern", "FacadePattern\FacadePattern.csproj", "{51E64C26-AF28-4C14-8088-0696A81D0748}"
EndProject
Project("{FAE04EC0-301F-11D3-BF4B-00C04F79EFBC}") = "SingletonPattern", "SingletonPattern\SingletonPattern.csproj", "{8A51C79C-4A54-4DE9-95E1-AD43F303369F}"
EndProject
Project("{FAE04EC0-301F-11D3-BF4B-00C04F79EFBC}") = "StrategyPattern", "StrategyPattern\StrategyPattern.csproj", "{6420AA22-090A-48F4-92C8-67B085EB2CA4}"
EndProject
Project("{FAE04EC0-301F-11D3-BF4B-00C04F79EFBC}") = "Common", "Common\Common.csproj", "{9590D090-5154-4016-971A-257FF6C32B98}"
EndProject
Project("{FAE04EC0-301F-11D3-BF4B-00C04F79EFBC}") = "FactoryMethod", "FactoryMethod\FactoryMethod.csproj", "{06813A99-5BE8-4429-B39E-3C972CEEEF96}"
EndProject
Global
	GlobalSection(SolutionConfigurationPlatforms) = preSolution
		Debug|Any CPU = Debug|Any CPU
		Release|Any CPU = Release|Any CPU
	EndGlobalSection
	GlobalSection(ProjectConfigurationPlatforms) = postSolution
		{A17A4D86-C310-413A-B002-06E4C1AF42EF}.Debug|Any CPU.ActiveCfg = Debug|Any CPU
		{A17A4D86-C310-413A-B002-06E4C1AF42EF}.Debug|Any CPU.Build.0 = Debug|Any CPU
		{A17A4D86-C310-413A-B002-06E4C1AF42EF}.Release|Any CPU.ActiveCfg = Release|Any CPU
		{A17A4D86-C310-413A-B002-06E4C1AF42EF}.Release|Any CPU.Build.0 = Release|Any CPU
		{2FE48E3E-A149-4046-8E78-0AC791B5BA1A}.Debug|Any CPU.ActiveCfg = Debug|Any CPU
		{2FE48E3E-A149-4046-8E78-0AC791B5BA1A}.Debug|Any CPU.Build.0 = Debug|Any CPU
		{2FE48E3E-A149-4046-8E78-0AC791B5BA1A}.Release|Any CPU.ActiveCfg = Release|Any CPU
		{2FE48E3E-A149-4046-8E78-0AC791B5BA1A}.Release|Any CPU.Build.0 = Release|Any CPU
		{5FD4B0E9-073F-4973-82B1-0AB20ECD9128}.Debug|Any CPU.ActiveCfg = Debug|Any CPU
		{5FD4B0E9-073F-4973-82B1-0AB20ECD9128}.Debug|Any CPU.Build.0 = Debug|Any CPU
		{5FD4B0E9-073F-4973-82B1-0AB20ECD9128}.Release|Any CPU.ActiveCfg = Release|Any CPU
		{5FD4B0E9-073F-4973-82B1-0AB20ECD9128}.Release|Any CPU.Build.0 = Release|Any CPU
		{51E64C26-AF28-4C14-8088-0696A81D0748}.Debug|Any CPU.ActiveCfg = Debug|Any CPU
		{51E64C26-AF28-4C14-8088-0696A81D0748}.Debug|Any CPU.Build.0 = Debug|Any CPU
		{51E64C26-AF28-4C14-8088-0696A81D0748}.Release|Any CPU.ActiveCfg = Release|Any CPU
		{51E64C26-AF28-4C14-8088-0696A81D0748}.Release|Any CPU.Build.0 = Release|Any CPU
		{8A51C79C-4A54-4DE9-95E1-AD43F303369F}.Debug|Any CPU.ActiveCfg = Debug|Any CPU
		{8A51C79C-4A54-4DE9-95E1-AD43F303369F}.Debug|Any CPU.Build.0 = Debug|Any CPU
		{8A51C79C-4A54-4DE9-95E1-AD43F303369F}.Release|Any CPU.ActiveCfg = Release|Any CPU
		{8A51C79C-4A54-4DE9-95E1-AD43F303369F}.Release|Any CPU.Build.0 = Release|Any CPU
		{6420AA22-090A-48F4-92C8-67B085EB2CA4}.Debug|Any CPU.ActiveCfg = Debug|Any CPU
		{6420AA22-090A-48F4-92C8-67B085EB2CA4}.Debug|Any CPU.Build.0 = Debug|Any CPU
		{6420AA22-090A-48F4-92C8-67B085EB2CA4}.Release|Any CPU.ActiveCfg = Release|Any CPU
		{6420AA22-090A-48F4-92C8-67B085EB2CA4}.Release|Any CPU.Build.0 = Release|Any CPU
		{9590D090-5154-4016-971A-257FF6C32B98}.Debug|Any CPU.ActiveCfg = Debug|Any CPU
		{9590D090-5154-4016-971A-257FF6C32B98}.Debug|Any CPU.Build.0 = Debug|Any CPU
		{9590D090-5154-4016-971A-257FF6C32B98}.Release|Any CPU.ActiveCfg = Release|Any CPU
		{9590D090-5154-4016-971A-257FF6C32B98}.Release|Any CPU.Build.0 = Release|Any CPU
		{06813A99-5BE8-4429-B39E-3C972CEEEF96}.Debug|Any CPU.ActiveCfg = Debug|Any CPU
		{06813A99-5BE8-4429-B39E-3C972CEEEF96}.Debug|Any CPU.Build.0 = Debug|Any CPU
		{06813A99-5BE8-4429-B39E-3C972CEEEF96}.Release|Any CPU.ActiveCfg = Release|Any CPU
		{06813A99-5BE8-4429-B39E-3C972CEEEF96}.Release|Any CPU.Build.0 = Release|Any CPU
	EndGlobalSection
	GlobalSection(SolutionProperties) = preSolution
		HideSolutionNode = FALSE
	EndGlobalSection
	GlobalSection(ExtensibilityGlobals) = postSolution
		SolutionGuid = {581A55C4-7D41-4179-9963-086D2E825079}
	EndGlobalSection
EndGlobal
